
Microsoft Visual Studio Solution File, Format Version 12.00
# Visual Studio Version 17
VisualStudioVersion = 17.11.35303.130
MinimumVisualStudioVersion = 10.0.40219.1
Project("{2150E333-8FDC-42A3-9474-1A3956D46DE8}") = "Task0", "Task0", "{7FAEA4D4-CBD7-41BF-958A-B5503F32A17F}"
EndProject
Project("{FAE04EC0-301F-11D3-BF4B-00C04F79EFBC}") = "Tyuiu.KonovalovVA.Sprint6.Task0.V23.Lib", "Tyuiu.KonovalovVA.Sprint6.Task0.V23.Lib\Tyuiu.KonovalovVA.Sprint6.Task0.V23.Lib.csproj", "{7EC36851-BEAB-4709-8924-2082A47F13CE}"
EndProject
Project("{FAE04EC0-301F-11D3-BF4B-00C04F79EFBC}") = "Tyuiu.KonovalovVA.Sprint6.Task0.V23.Test", "Tyuiu.KonovalovVA.Sprint6.Task0.V23.Test\Tyuiu.KonovalovVA.Sprint6.Task0.V23.Test.csproj", "{C475FF23-968F-42EB-B5B3-9CF1D3B147AF}"
EndProject
Project("{FAE04EC0-301F-11D3-BF4B-00C04F79EFBC}") = "Tyuiu.KonovalovVA.Sprint6.Task0.V23", "Tyuiu.KonovalovVA.Sprint6.Task0.V23\Tyuiu.KonovalovVA.Sprint6.Task0.V23.csproj", "{4FE39552-D65A-4618-9ED2-2319E940C1C1}"
EndProject
Project("{2150E333-8FDC-42A3-9474-1A3956D46DE8}") = "еуые", "еуые", "{DA551B8E-CAEB-45A2-85E3-8C5EE63A91DB}"
EndProject
Project("{FAE04EC0-301F-11D3-BF4B-00C04F79EFBC}") = "xzc", "xzc\xzc.csproj", "{437A282D-F03D-4965-B5D5-6B3D8877C9B5}"
EndProject
Global
	GlobalSection(SolutionConfigurationPlatforms) = preSolution
		Debug|Any CPU = Debug|Any CPU
		Release|Any CPU = Release|Any CPU
	EndGlobalSection
	GlobalSection(ProjectConfigurationPlatforms) = postSolution
		{7EC36851-BEAB-4709-8924-2082A47F13CE}.Debug|Any CPU.ActiveCfg = Debug|Any CPU
		{7EC36851-BEAB-4709-8924-2082A47F13CE}.Debug|Any CPU.Build.0 = Debug|Any CPU
		{7EC36851-BEAB-4709-8924-2082A47F13CE}.Release|Any CPU.ActiveCfg = Release|Any CPU
		{7EC36851-BEAB-4709-8924-2082A47F13CE}.Release|Any CPU.Build.0 = Release|Any CPU
		{C475FF23-968F-42EB-B5B3-9CF1D3B147AF}.Debug|Any CPU.ActiveCfg = Debug|Any CPU
		{C475FF23-968F-42EB-B5B3-9CF1D3B147AF}.Debug|Any CPU.Build.0 = Debug|Any CPU
		{C475FF23-968F-42EB-B5B3-9CF1D3B147AF}.Release|Any CPU.ActiveCfg = Release|Any CPU
		{C475FF23-968F-42EB-B5B3-9CF1D3B147AF}.Release|Any CPU.Build.0 = Release|Any CPU
		{4FE39552-D65A-4618-9ED2-2319E940C1C1}.Debug|Any CPU.ActiveCfg = Debug|Any CPU
		{4FE39552-D65A-4618-9ED2-2319E940C1C1}.Debug|Any CPU.Build.0 = Debug|Any CPU
		{4FE39552-D65A-4618-9ED2-2319E940C1C1}.Release|Any CPU.ActiveCfg = Release|Any CPU
		{4FE39552-D65A-4618-9ED2-2319E940C1C1}.Release|Any CPU.Build.0 = Release|Any CPU
		{437A282D-F03D-4965-B5D5-6B3D8877C9B5}.Debug|Any CPU.ActiveCfg = Debug|Any CPU
		{437A282D-F03D-4965-B5D5-6B3D8877C9B5}.Debug|Any CPU.Build.0 = Debug|Any CPU
		{437A282D-F03D-4965-B5D5-6B3D8877C9B5}.Release|Any CPU.ActiveCfg = Release|Any CPU
		{437A282D-F03D-4965-B5D5-6B3D8877C9B5}.Release|Any CPU.Build.0 = Release|Any CPU
	EndGlobalSection
	GlobalSection(SolutionProperties) = preSolution
		HideSolutionNode = FALSE
	EndGlobalSection
	GlobalSection(NestedProjects) = preSolution
		{7EC36851-BEAB-4709-8924-2082A47F13CE} = {7FAEA4D4-CBD7-41BF-958A-B5503F32A17F}
		{C475FF23-968F-42EB-B5B3-9CF1D3B147AF} = {7FAEA4D4-CBD7-41BF-958A-B5503F32A17F}
		{4FE39552-D65A-4618-9ED2-2319E940C1C1} = {7FAEA4D4-CBD7-41BF-958A-B5503F32A17F}
		{437A282D-F03D-4965-B5D5-6B3D8877C9B5} = {DA551B8E-CAEB-45A2-85E3-8C5EE63A91DB}
	EndGlobalSection
	GlobalSection(ExtensibilityGlobals) = postSolution
		SolutionGuid = {39035AA2-66A1-4E73-B857-298A7FB7B43B}
	EndGlobalSection
EndGlobal
